// !$*UTF8*$!
{
	archiveVersion = 1;
	classes = {
	};
	objectVersion = 46;
	objects = {

/* Begin PBXBuildFile section */
		10A708A296E4D8D753747A53 /* Pods_WeTeamUpUITests.framework in Frameworks */ = {isa = PBXBuildFile; fileRef = E41D56BB2EF1DD164603A9A0 /* Pods_WeTeamUpUITests.framework */; };
		4DEA218DAE502ECA35C4C053 /* Pods_WeTeamUpTests.framework in Frameworks */ = {isa = PBXBuildFile; fileRef = A425648865105D8A51BF3E48 /* Pods_WeTeamUpTests.framework */; };
		AC4FFC5F180FC2EB9213D17B /* Pods_WeTeamUp.framework in Frameworks */ = {isa = PBXBuildFile; fileRef = 70C18619012FB0D58B9F2ECA /* Pods_WeTeamUp.framework */; };
		C40AC7E11F1D3F9600C80277 /* LoginViewController.swift in Sources */ = {isa = PBXBuildFile; fileRef = C40AC7E01F1D3F9600C80277 /* LoginViewController.swift */; };
		C40AC7E31F1D423200C80277 /* TeamHomeViewController.swift in Sources */ = {isa = PBXBuildFile; fileRef = C40AC7E21F1D423200C80277 /* TeamHomeViewController.swift */; };
		C40AC7E51F1D53AC00C80277 /* GoogleService-Info.plist in Resources */ = {isa = PBXBuildFile; fileRef = C40AC7E41F1D53AC00C80277 /* GoogleService-Info.plist */; };
		C40AC7E61F1D53AC00C80277 /* GoogleService-Info.plist in Resources */ = {isa = PBXBuildFile; fileRef = C40AC7E41F1D53AC00C80277 /* GoogleService-Info.plist */; };
		C40AC7E71F1D53AC00C80277 /* GoogleService-Info.plist in Resources */ = {isa = PBXBuildFile; fileRef = C40AC7E41F1D53AC00C80277 /* GoogleService-Info.plist */; };
		C40AC7E81F1D53C100C80277 /* WeTeamUp.xcdatamodeld in Sources */ = {isa = PBXBuildFile; fileRef = C4561E011F0AE5020037CB1C /* WeTeamUp.xcdatamodeld */; };
		C40AC7E91F1D53C200C80277 /* WeTeamUp.xcdatamodeld in Sources */ = {isa = PBXBuildFile; fileRef = C4561E011F0AE5020037CB1C /* WeTeamUp.xcdatamodeld */; };
		C40AC7EA1F1D53C700C80277 /* TeamHomeViewController.swift in Sources */ = {isa = PBXBuildFile; fileRef = C40AC7E21F1D423200C80277 /* TeamHomeViewController.swift */; };
		C40AC7EB1F1D53C800C80277 /* TeamHomeViewController.swift in Sources */ = {isa = PBXBuildFile; fileRef = C40AC7E21F1D423200C80277 /* TeamHomeViewController.swift */; };
		C40AC7EC1F1D53CB00C80277 /* LoginViewController.swift in Sources */ = {isa = PBXBuildFile; fileRef = C40AC7E01F1D3F9600C80277 /* LoginViewController.swift */; };
		C40AC7ED1F1D53CC00C80277 /* LoginViewController.swift in Sources */ = {isa = PBXBuildFile; fileRef = C40AC7E01F1D3F9600C80277 /* LoginViewController.swift */; };
		C40AC7EE1F1D53CE00C80277 /* AppDelegate.swift in Sources */ = {isa = PBXBuildFile; fileRef = C4561DFA1F0AE5020037CB1C /* AppDelegate.swift */; };
		C40AC7EF1F1D53CF00C80277 /* AppDelegate.swift in Sources */ = {isa = PBXBuildFile; fileRef = C4561DFA1F0AE5020037CB1C /* AppDelegate.swift */; };
		C40AC7F01F1D53D200C80277 /* ViewController.swift in Sources */ = {isa = PBXBuildFile; fileRef = C4561DFC1F0AE5020037CB1C /* ViewController.swift */; };
		C40AC7F11F1D53D200C80277 /* ViewController.swift in Sources */ = {isa = PBXBuildFile; fileRef = C4561DFC1F0AE5020037CB1C /* ViewController.swift */; };
		C40AC7F21F1D53DE00C80277 /* Main.storyboard in Resources */ = {isa = PBXBuildFile; fileRef = C4561DFE1F0AE5020037CB1C /* Main.storyboard */; };
		C40AC7F31F1D53E000C80277 /* Main.storyboard in Resources */ = {isa = PBXBuildFile; fileRef = C4561DFE1F0AE5020037CB1C /* Main.storyboard */; };
		C426AF701F410CDD00BD5DD3 /* subHeaderCollectionViewCell.swift in Sources */ = {isa = PBXBuildFile; fileRef = C426AF6E1F410CDD00BD5DD3 /* subHeaderCollectionViewCell.swift */; };
		C426AF711F410CDD00BD5DD3 /* subHeaderCollectionViewCell.swift in Sources */ = {isa = PBXBuildFile; fileRef = C426AF6E1F410CDD00BD5DD3 /* subHeaderCollectionViewCell.swift */; };
		C426AF721F410CDD00BD5DD3 /* subHeaderCollectionViewCell.swift in Sources */ = {isa = PBXBuildFile; fileRef = C426AF6E1F410CDD00BD5DD3 /* subHeaderCollectionViewCell.swift */; };
		C426AF731F410CDD00BD5DD3 /* subHeaderCollectionViewCell.xib in Resources */ = {isa = PBXBuildFile; fileRef = C426AF6F1F410CDD00BD5DD3 /* subHeaderCollectionViewCell.xib */; };
		C426AF741F410CDD00BD5DD3 /* subHeaderCollectionViewCell.xib in Resources */ = {isa = PBXBuildFile; fileRef = C426AF6F1F410CDD00BD5DD3 /* subHeaderCollectionViewCell.xib */; };
		C426AF751F410CDD00BD5DD3 /* subHeaderCollectionViewCell.xib in Resources */ = {isa = PBXBuildFile; fileRef = C426AF6F1F410CDD00BD5DD3 /* subHeaderCollectionViewCell.xib */; };
		C426AF771F41235A00BD5DD3 /* StickyHeaderCollectionViewFlowLayout.swift in Sources */ = {isa = PBXBuildFile; fileRef = C426AF761F41235A00BD5DD3 /* StickyHeaderCollectionViewFlowLayout.swift */; };
		C426AF781F41235A00BD5DD3 /* StickyHeaderCollectionViewFlowLayout.swift in Sources */ = {isa = PBXBuildFile; fileRef = C426AF761F41235A00BD5DD3 /* StickyHeaderCollectionViewFlowLayout.swift */; };
		C426AF791F41235A00BD5DD3 /* StickyHeaderCollectionViewFlowLayout.swift in Sources */ = {isa = PBXBuildFile; fileRef = C426AF761F41235A00BD5DD3 /* StickyHeaderCollectionViewFlowLayout.swift */; };
		C4561DFB1F0AE5020037CB1C /* AppDelegate.swift in Sources */ = {isa = PBXBuildFile; fileRef = C4561DFA1F0AE5020037CB1C /* AppDelegate.swift */; };
		C4561DFD1F0AE5020037CB1C /* ViewController.swift in Sources */ = {isa = PBXBuildFile; fileRef = C4561DFC1F0AE5020037CB1C /* ViewController.swift */; };
		C4561E001F0AE5020037CB1C /* Main.storyboard in Resources */ = {isa = PBXBuildFile; fileRef = C4561DFE1F0AE5020037CB1C /* Main.storyboard */; };
		C4561E031F0AE5020037CB1C /* WeTeamUp.xcdatamodeld in Sources */ = {isa = PBXBuildFile; fileRef = C4561E011F0AE5020037CB1C /* WeTeamUp.xcdatamodeld */; };
		C4561E051F0AE5020037CB1C /* Assets.xcassets in Resources */ = {isa = PBXBuildFile; fileRef = C4561E041F0AE5020037CB1C /* Assets.xcassets */; };
		C4561E081F0AE5020037CB1C /* LaunchScreen.storyboard in Resources */ = {isa = PBXBuildFile; fileRef = C4561E061F0AE5020037CB1C /* LaunchScreen.storyboard */; };
		C4561E131F0AE5020037CB1C /* WeTeamUpTests.swift in Sources */ = {isa = PBXBuildFile; fileRef = C4561E121F0AE5020037CB1C /* WeTeamUpTests.swift */; };
		C4561E1E1F0AE5020037CB1C /* WeTeamUpUITests.swift in Sources */ = {isa = PBXBuildFile; fileRef = C4561E1D1F0AE5020037CB1C /* WeTeamUpUITests.swift */; };
		C479A1E11F32618E00CA36E7 /* Constants.swift in Sources */ = {isa = PBXBuildFile; fileRef = C479A1E01F32618E00CA36E7 /* Constants.swift */; };
		C479A1E21F32618E00CA36E7 /* Constants.swift in Sources */ = {isa = PBXBuildFile; fileRef = C479A1E01F32618E00CA36E7 /* Constants.swift */; };
		C479A1E31F32618E00CA36E7 /* Constants.swift in Sources */ = {isa = PBXBuildFile; fileRef = C479A1E01F32618E00CA36E7 /* Constants.swift */; };
		C4B576C61F3E799500F73F0F /* IOStickyHeaderFlowLayout.swift in Sources */ = {isa = PBXBuildFile; fileRef = C4B576C41F3E799500F73F0F /* IOStickyHeaderFlowLayout.swift */; };
		C4B576C71F3E799500F73F0F /* IOStickyHeaderFlowLayout.swift in Sources */ = {isa = PBXBuildFile; fileRef = C4B576C41F3E799500F73F0F /* IOStickyHeaderFlowLayout.swift */; };
		C4B576C81F3E799500F73F0F /* IOStickyHeaderFlowLayout.swift in Sources */ = {isa = PBXBuildFile; fileRef = C4B576C41F3E799500F73F0F /* IOStickyHeaderFlowLayout.swift */; };
		C4B576C91F3E799500F73F0F /* IOStickyHeaderFlowLayoutAttributes.swift in Sources */ = {isa = PBXBuildFile; fileRef = C4B576C51F3E799500F73F0F /* IOStickyHeaderFlowLayoutAttributes.swift */; };
		C4B576CA1F3E799500F73F0F /* IOStickyHeaderFlowLayoutAttributes.swift in Sources */ = {isa = PBXBuildFile; fileRef = C4B576C51F3E799500F73F0F /* IOStickyHeaderFlowLayoutAttributes.swift */; };
		C4B576CB1F3E799500F73F0F /* IOStickyHeaderFlowLayoutAttributes.swift in Sources */ = {isa = PBXBuildFile; fileRef = C4B576C51F3E799500F73F0F /* IOStickyHeaderFlowLayoutAttributes.swift */; };
		C4B576DF1F3E847B00F73F0F /* IOGrowHeader.swift in Sources */ = {isa = PBXBuildFile; fileRef = C4B576DD1F3E847B00F73F0F /* IOGrowHeader.swift */; };
		C4B576E01F3E847B00F73F0F /* IOGrowHeader.swift in Sources */ = {isa = PBXBuildFile; fileRef = C4B576DD1F3E847B00F73F0F /* IOGrowHeader.swift */; };
		C4B576E11F3E847B00F73F0F /* IOGrowHeader.swift in Sources */ = {isa = PBXBuildFile; fileRef = C4B576DD1F3E847B00F73F0F /* IOGrowHeader.swift */; };
		C4B576E21F3E847B00F73F0F /* IOGrowHeader.xib in Resources */ = {isa = PBXBuildFile; fileRef = C4B576DE1F3E847B00F73F0F /* IOGrowHeader.xib */; };
		C4B576E31F3E847B00F73F0F /* IOGrowHeader.xib in Resources */ = {isa = PBXBuildFile; fileRef = C4B576DE1F3E847B00F73F0F /* IOGrowHeader.xib */; };
		C4B576E41F3E847B00F73F0F /* IOGrowHeader.xib in Resources */ = {isa = PBXBuildFile; fileRef = C4B576DE1F3E847B00F73F0F /* IOGrowHeader.xib */; };
		C4BB99B21F3E25B7007497C0 /* AsyncButton.swift in Sources */ = {isa = PBXBuildFile; fileRef = C4BB99941F3E25B7007497C0 /* AsyncButton.swift */; };
		C4BB99B31F3E25B7007497C0 /* AsyncButton.swift in Sources */ = {isa = PBXBuildFile; fileRef = C4BB99941F3E25B7007497C0 /* AsyncButton.swift */; };
		C4BB99B41F3E25B7007497C0 /* AsyncButton.swift in Sources */ = {isa = PBXBuildFile; fileRef = C4BB99941F3E25B7007497C0 /* AsyncButton.swift */; };
		C4BB99B51F3E25B7007497C0 /* AsyncImageView.swift in Sources */ = {isa = PBXBuildFile; fileRef = C4BB99951F3E25B7007497C0 /* AsyncImageView.swift */; };
		C4BB99B61F3E25B7007497C0 /* AsyncImageView.swift in Sources */ = {isa = PBXBuildFile; fileRef = C4BB99951F3E25B7007497C0 /* AsyncImageView.swift */; };
		C4BB99B71F3E25B7007497C0 /* AsyncImageView.swift in Sources */ = {isa = PBXBuildFile; fileRef = C4BB99951F3E25B7007497C0 /* AsyncImageView.swift */; };
		C4BB99B81F3E25B7007497C0 /* AutoTextView.swift in Sources */ = {isa = PBXBuildFile; fileRef = C4BB99961F3E25B7007497C0 /* AutoTextView.swift */; };
		C4BB99B91F3E25B7007497C0 /* AutoTextView.swift in Sources */ = {isa = PBXBuildFile; fileRef = C4BB99961F3E25B7007497C0 /* AutoTextView.swift */; };
		C4BB99BA1F3E25B7007497C0 /* AutoTextView.swift in Sources */ = {isa = PBXBuildFile; fileRef = C4BB99961F3E25B7007497C0 /* AutoTextView.swift */; };
		C4BB99BB1F3E25B7007497C0 /* BlurView.swift in Sources */ = {isa = PBXBuildFile; fileRef = C4BB99971F3E25B7007497C0 /* BlurView.swift */; };
		C4BB99BC1F3E25B7007497C0 /* BlurView.swift in Sources */ = {isa = PBXBuildFile; fileRef = C4BB99971F3E25B7007497C0 /* BlurView.swift */; };
		C4BB99BD1F3E25B7007497C0 /* BlurView.swift in Sources */ = {isa = PBXBuildFile; fileRef = C4BB99971F3E25B7007497C0 /* BlurView.swift */; };
		C4BB99BE1F3E25B7007497C0 /* DesignableButton.swift in Sources */ = {isa = PBXBuildFile; fileRef = C4BB99981F3E25B7007497C0 /* DesignableButton.swift */; };
		C4BB99BF1F3E25B7007497C0 /* DesignableButton.swift in Sources */ = {isa = PBXBuildFile; fileRef = C4BB99981F3E25B7007497C0 /* DesignableButton.swift */; };
		C4BB99C01F3E25B7007497C0 /* DesignableButton.swift in Sources */ = {isa = PBXBuildFile; fileRef = C4BB99981F3E25B7007497C0 /* DesignableButton.swift */; };
		C4BB99C11F3E25B7007497C0 /* DesignableImageView.swift in Sources */ = {isa = PBXBuildFile; fileRef = C4BB99991F3E25B7007497C0 /* DesignableImageView.swift */; };
		C4BB99C21F3E25B7007497C0 /* DesignableImageView.swift in Sources */ = {isa = PBXBuildFile; fileRef = C4BB99991F3E25B7007497C0 /* DesignableImageView.swift */; };
		C4BB99C31F3E25B7007497C0 /* DesignableImageView.swift in Sources */ = {isa = PBXBuildFile; fileRef = C4BB99991F3E25B7007497C0 /* DesignableImageView.swift */; };
		C4BB99C41F3E25B7007497C0 /* DesignableLabel.swift in Sources */ = {isa = PBXBuildFile; fileRef = C4BB999A1F3E25B7007497C0 /* DesignableLabel.swift */; };
		C4BB99C51F3E25B7007497C0 /* DesignableLabel.swift in Sources */ = {isa = PBXBuildFile; fileRef = C4BB999A1F3E25B7007497C0 /* DesignableLabel.swift */; };
		C4BB99C61F3E25B7007497C0 /* DesignableLabel.swift in Sources */ = {isa = PBXBuildFile; fileRef = C4BB999A1F3E25B7007497C0 /* DesignableLabel.swift */; };
		C4BB99C71F3E25B7007497C0 /* DesignableTabBarController.swift in Sources */ = {isa = PBXBuildFile; fileRef = C4BB999B1F3E25B7007497C0 /* DesignableTabBarController.swift */; };
		C4BB99C81F3E25B7007497C0 /* DesignableTabBarController.swift in Sources */ = {isa = PBXBuildFile; fileRef = C4BB999B1F3E25B7007497C0 /* DesignableTabBarController.swift */; };
		C4BB99C91F3E25B7007497C0 /* DesignableTabBarController.swift in Sources */ = {isa = PBXBuildFile; fileRef = C4BB999B1F3E25B7007497C0 /* DesignableTabBarController.swift */; };
		C4BB99CA1F3E25B7007497C0 /* DesignableTextField.swift in Sources */ = {isa = PBXBuildFile; fileRef = C4BB999C1F3E25B7007497C0 /* DesignableTextField.swift */; };
		C4BB99CB1F3E25B7007497C0 /* DesignableTextField.swift in Sources */ = {isa = PBXBuildFile; fileRef = C4BB999C1F3E25B7007497C0 /* DesignableTextField.swift */; };
		C4BB99CC1F3E25B7007497C0 /* DesignableTextField.swift in Sources */ = {isa = PBXBuildFile; fileRef = C4BB999C1F3E25B7007497C0 /* DesignableTextField.swift */; };
		C4BB99CD1F3E25B7007497C0 /* DesignableTextView.swift in Sources */ = {isa = PBXBuildFile; fileRef = C4BB999D1F3E25B7007497C0 /* DesignableTextView.swift */; };
		C4BB99CE1F3E25B7007497C0 /* DesignableTextView.swift in Sources */ = {isa = PBXBuildFile; fileRef = C4BB999D1F3E25B7007497C0 /* DesignableTextView.swift */; };
		C4BB99CF1F3E25B7007497C0 /* DesignableTextView.swift in Sources */ = {isa = PBXBuildFile; fileRef = C4BB999D1F3E25B7007497C0 /* DesignableTextView.swift */; };
		C4BB99D01F3E25B7007497C0 /* DesignableView.swift in Sources */ = {isa = PBXBuildFile; fileRef = C4BB999E1F3E25B7007497C0 /* DesignableView.swift */; };
		C4BB99D11F3E25B7007497C0 /* DesignableView.swift in Sources */ = {isa = PBXBuildFile; fileRef = C4BB999E1F3E25B7007497C0 /* DesignableView.swift */; };
		C4BB99D21F3E25B7007497C0 /* DesignableView.swift in Sources */ = {isa = PBXBuildFile; fileRef = C4BB999E1F3E25B7007497C0 /* DesignableView.swift */; };
		C4BB99D31F3E25B7007497C0 /* ImageLoader.swift in Sources */ = {isa = PBXBuildFile; fileRef = C4BB999F1F3E25B7007497C0 /* ImageLoader.swift */; };
		C4BB99D41F3E25B7007497C0 /* ImageLoader.swift in Sources */ = {isa = PBXBuildFile; fileRef = C4BB999F1F3E25B7007497C0 /* ImageLoader.swift */; };
		C4BB99D51F3E25B7007497C0 /* ImageLoader.swift in Sources */ = {isa = PBXBuildFile; fileRef = C4BB999F1F3E25B7007497C0 /* ImageLoader.swift */; };
		C4BB99D91F3E25B7007497C0 /* KeyboardLayoutConstraint.swift in Sources */ = {isa = PBXBuildFile; fileRef = C4BB99A11F3E25B7007497C0 /* KeyboardLayoutConstraint.swift */; };
		C4BB99DA1F3E25B7007497C0 /* KeyboardLayoutConstraint.swift in Sources */ = {isa = PBXBuildFile; fileRef = C4BB99A11F3E25B7007497C0 /* KeyboardLayoutConstraint.swift */; };
		C4BB99DB1F3E25B7007497C0 /* KeyboardLayoutConstraint.swift in Sources */ = {isa = PBXBuildFile; fileRef = C4BB99A11F3E25B7007497C0 /* KeyboardLayoutConstraint.swift */; };
		C4BB99DC1F3E25B7007497C0 /* LoadingView.swift in Sources */ = {isa = PBXBuildFile; fileRef = C4BB99A21F3E25B7007497C0 /* LoadingView.swift */; };
		C4BB99DD1F3E25B7007497C0 /* LoadingView.swift in Sources */ = {isa = PBXBuildFile; fileRef = C4BB99A21F3E25B7007497C0 /* LoadingView.swift */; };
		C4BB99DE1F3E25B7007497C0 /* LoadingView.swift in Sources */ = {isa = PBXBuildFile; fileRef = C4BB99A21F3E25B7007497C0 /* LoadingView.swift */; };
		C4BB99DF1F3E25B7007497C0 /* LoadingView.xib in Resources */ = {isa = PBXBuildFile; fileRef = C4BB99A31F3E25B7007497C0 /* LoadingView.xib */; };
		C4BB99E01F3E25B7007497C0 /* LoadingView.xib in Resources */ = {isa = PBXBuildFile; fileRef = C4BB99A31F3E25B7007497C0 /* LoadingView.xib */; };
		C4BB99E11F3E25B7007497C0 /* LoadingView.xib in Resources */ = {isa = PBXBuildFile; fileRef = C4BB99A31F3E25B7007497C0 /* LoadingView.xib */; };
		C4BB99E21F3E25B7007497C0 /* Misc.swift in Sources */ = {isa = PBXBuildFile; fileRef = C4BB99A41F3E25B7007497C0 /* Misc.swift */; };
		C4BB99E31F3E25B7007497C0 /* Misc.swift in Sources */ = {isa = PBXBuildFile; fileRef = C4BB99A41F3E25B7007497C0 /* Misc.swift */; };
		C4BB99E41F3E25B7007497C0 /* Misc.swift in Sources */ = {isa = PBXBuildFile; fileRef = C4BB99A41F3E25B7007497C0 /* Misc.swift */; };
		C4BB99E51F3E25B7007497C0 /* SoundPlayer.swift in Sources */ = {isa = PBXBuildFile; fileRef = C4BB99A51F3E25B7007497C0 /* SoundPlayer.swift */; };
		C4BB99E61F3E25B7007497C0 /* SoundPlayer.swift in Sources */ = {isa = PBXBuildFile; fileRef = C4BB99A51F3E25B7007497C0 /* SoundPlayer.swift */; };
		C4BB99E71F3E25B7007497C0 /* SoundPlayer.swift in Sources */ = {isa = PBXBuildFile; fileRef = C4BB99A51F3E25B7007497C0 /* SoundPlayer.swift */; };
		C4BB99E81F3E25B7007497C0 /* Spring.swift in Sources */ = {isa = PBXBuildFile; fileRef = C4BB99A71F3E25B7007497C0 /* Spring.swift */; };
		C4BB99E91F3E25B7007497C0 /* Spring.swift in Sources */ = {isa = PBXBuildFile; fileRef = C4BB99A71F3E25B7007497C0 /* Spring.swift */; };
		C4BB99EA1F3E25B7007497C0 /* Spring.swift in Sources */ = {isa = PBXBuildFile; fileRef = C4BB99A71F3E25B7007497C0 /* Spring.swift */; };
		C4BB99EB1F3E25B7007497C0 /* SpringAnimation.swift in Sources */ = {isa = PBXBuildFile; fileRef = C4BB99A81F3E25B7007497C0 /* SpringAnimation.swift */; };
		C4BB99EC1F3E25B7007497C0 /* SpringAnimation.swift in Sources */ = {isa = PBXBuildFile; fileRef = C4BB99A81F3E25B7007497C0 /* SpringAnimation.swift */; };
		C4BB99ED1F3E25B7007497C0 /* SpringAnimation.swift in Sources */ = {isa = PBXBuildFile; fileRef = C4BB99A81F3E25B7007497C0 /* SpringAnimation.swift */; };
		C4BB99EE1F3E25B7007497C0 /* SpringButton.swift in Sources */ = {isa = PBXBuildFile; fileRef = C4BB99A91F3E25B7007497C0 /* SpringButton.swift */; };
		C4BB99EF1F3E25B7007497C0 /* SpringButton.swift in Sources */ = {isa = PBXBuildFile; fileRef = C4BB99A91F3E25B7007497C0 /* SpringButton.swift */; };
		C4BB99F01F3E25B7007497C0 /* SpringButton.swift in Sources */ = {isa = PBXBuildFile; fileRef = C4BB99A91F3E25B7007497C0 /* SpringButton.swift */; };
		C4BB99F11F3E25B7007497C0 /* SpringImageView.swift in Sources */ = {isa = PBXBuildFile; fileRef = C4BB99AA1F3E25B7007497C0 /* SpringImageView.swift */; };
		C4BB99F21F3E25B7007497C0 /* SpringImageView.swift in Sources */ = {isa = PBXBuildFile; fileRef = C4BB99AA1F3E25B7007497C0 /* SpringImageView.swift */; };
		C4BB99F31F3E25B7007497C0 /* SpringImageView.swift in Sources */ = {isa = PBXBuildFile; fileRef = C4BB99AA1F3E25B7007497C0 /* SpringImageView.swift */; };
		C4BB99F41F3E25B7007497C0 /* SpringLabel.swift in Sources */ = {isa = PBXBuildFile; fileRef = C4BB99AB1F3E25B7007497C0 /* SpringLabel.swift */; };
		C4BB99F51F3E25B7007497C0 /* SpringLabel.swift in Sources */ = {isa = PBXBuildFile; fileRef = C4BB99AB1F3E25B7007497C0 /* SpringLabel.swift */; };
		C4BB99F61F3E25B7007497C0 /* SpringLabel.swift in Sources */ = {isa = PBXBuildFile; fileRef = C4BB99AB1F3E25B7007497C0 /* SpringLabel.swift */; };
		C4BB99F71F3E25B7007497C0 /* SpringTextField.swift in Sources */ = {isa = PBXBuildFile; fileRef = C4BB99AC1F3E25B7007497C0 /* SpringTextField.swift */; };
		C4BB99F81F3E25B7007497C0 /* SpringTextField.swift in Sources */ = {isa = PBXBuildFile; fileRef = C4BB99AC1F3E25B7007497C0 /* SpringTextField.swift */; };
		C4BB99F91F3E25B7007497C0 /* SpringTextField.swift in Sources */ = {isa = PBXBuildFile; fileRef = C4BB99AC1F3E25B7007497C0 /* SpringTextField.swift */; };
		C4BB99FA1F3E25B7007497C0 /* SpringTextView.swift in Sources */ = {isa = PBXBuildFile; fileRef = C4BB99AD1F3E25B7007497C0 /* SpringTextView.swift */; };
		C4BB99FB1F3E25B7007497C0 /* SpringTextView.swift in Sources */ = {isa = PBXBuildFile; fileRef = C4BB99AD1F3E25B7007497C0 /* SpringTextView.swift */; };
		C4BB99FC1F3E25B7007497C0 /* SpringTextView.swift in Sources */ = {isa = PBXBuildFile; fileRef = C4BB99AD1F3E25B7007497C0 /* SpringTextView.swift */; };
		C4BB99FD1F3E25B7007497C0 /* SpringView.swift in Sources */ = {isa = PBXBuildFile; fileRef = C4BB99AE1F3E25B7007497C0 /* SpringView.swift */; };
		C4BB99FE1F3E25B7007497C0 /* SpringView.swift in Sources */ = {isa = PBXBuildFile; fileRef = C4BB99AE1F3E25B7007497C0 /* SpringView.swift */; };
		C4BB99FF1F3E25B7007497C0 /* SpringView.swift in Sources */ = {isa = PBXBuildFile; fileRef = C4BB99AE1F3E25B7007497C0 /* SpringView.swift */; };
		C4BB9A001F3E25B7007497C0 /* TransitionManager.swift in Sources */ = {isa = PBXBuildFile; fileRef = C4BB99AF1F3E25B7007497C0 /* TransitionManager.swift */; };
		C4BB9A011F3E25B7007497C0 /* TransitionManager.swift in Sources */ = {isa = PBXBuildFile; fileRef = C4BB99AF1F3E25B7007497C0 /* TransitionManager.swift */; };
		C4BB9A021F3E25B7007497C0 /* TransitionManager.swift in Sources */ = {isa = PBXBuildFile; fileRef = C4BB99AF1F3E25B7007497C0 /* TransitionManager.swift */; };
		C4BB9A031F3E25B7007497C0 /* TransitionZoom.swift in Sources */ = {isa = PBXBuildFile; fileRef = C4BB99B01F3E25B7007497C0 /* TransitionZoom.swift */; };
		C4BB9A041F3E25B7007497C0 /* TransitionZoom.swift in Sources */ = {isa = PBXBuildFile; fileRef = C4BB99B01F3E25B7007497C0 /* TransitionZoom.swift */; };
		C4BB9A051F3E25B7007497C0 /* TransitionZoom.swift in Sources */ = {isa = PBXBuildFile; fileRef = C4BB99B01F3E25B7007497C0 /* TransitionZoom.swift */; };
		C4BB9A061F3E25B7007497C0 /* UnwindSegue.swift in Sources */ = {isa = PBXBuildFile; fileRef = C4BB99B11F3E25B7007497C0 /* UnwindSegue.swift */; };
		C4BB9A071F3E25B7007497C0 /* UnwindSegue.swift in Sources */ = {isa = PBXBuildFile; fileRef = C4BB99B11F3E25B7007497C0 /* UnwindSegue.swift */; };
		C4BB9A081F3E25B7007497C0 /* UnwindSegue.swift in Sources */ = {isa = PBXBuildFile; fileRef = C4BB99B11F3E25B7007497C0 /* UnwindSegue.swift */; };
		C4DBDBB81F310E00001348F0 /* HomeCardsCollectionViewCell.swift in Sources */ = {isa = PBXBuildFile; fileRef = C4DBDBB61F310E00001348F0 /* HomeCardsCollectionViewCell.swift */; };
		C4DBDBB91F310E00001348F0 /* HomeCardsCollectionViewCell.swift in Sources */ = {isa = PBXBuildFile; fileRef = C4DBDBB61F310E00001348F0 /* HomeCardsCollectionViewCell.swift */; };
		C4DBDBBA1F310E00001348F0 /* HomeCardsCollectionViewCell.swift in Sources */ = {isa = PBXBuildFile; fileRef = C4DBDBB61F310E00001348F0 /* HomeCardsCollectionViewCell.swift */; };
		C4DBDBBB1F310E00001348F0 /* HomeCardsCollectionViewCell.xib in Resources */ = {isa = PBXBuildFile; fileRef = C4DBDBB71F310E00001348F0 /* HomeCardsCollectionViewCell.xib */; };
		C4DBDBBC1F310E00001348F0 /* HomeCardsCollectionViewCell.xib in Resources */ = {isa = PBXBuildFile; fileRef = C4DBDBB71F310E00001348F0 /* HomeCardsCollectionViewCell.xib */; };
		C4DBDBBD1F310E00001348F0 /* HomeCardsCollectionViewCell.xib in Resources */ = {isa = PBXBuildFile; fileRef = C4DBDBB71F310E00001348F0 /* HomeCardsCollectionViewCell.xib */; };
/* End PBXBuildFile section */

/* Begin PBXContainerItemProxy section */
		C4561E0F1F0AE5020037CB1C /* PBXContainerItemProxy */ = {
			isa = PBXContainerItemProxy;
			containerPortal = C4561DEF1F0AE5020037CB1C /* Project object */;
			proxyType = 1;
			remoteGlobalIDString = C4561DF61F0AE5020037CB1C;
			remoteInfo = WeTeamUp;
		};
		C4561E1A1F0AE5020037CB1C /* PBXContainerItemProxy */ = {
			isa = PBXContainerItemProxy;
			containerPortal = C4561DEF1F0AE5020037CB1C /* Project object */;
			proxyType = 1;
			remoteGlobalIDString = C4561DF61F0AE5020037CB1C;
			remoteInfo = WeTeamUp;
		};
/* End PBXContainerItemProxy section */

/* Begin PBXFileReference section */
		088F023EC95016EFE4A7488D /* Pods-WeTeamUpUITests.release.xcconfig */ = {isa = PBXFileReference; includeInIndex = 1; lastKnownFileType = text.xcconfig; name = "Pods-WeTeamUpUITests.release.xcconfig"; path = "Pods/Target Support Files/Pods-WeTeamUpUITests/Pods-WeTeamUpUITests.release.xcconfig"; sourceTree = "<group>"; };
		3458F506F7ED6E842E538925 /* Pods-WeTeamUpTests.debug.xcconfig */ = {isa = PBXFileReference; includeInIndex = 1; lastKnownFileType = text.xcconfig; name = "Pods-WeTeamUpTests.debug.xcconfig"; path = "Pods/Target Support Files/Pods-WeTeamUpTests/Pods-WeTeamUpTests.debug.xcconfig"; sourceTree = "<group>"; };
		3D22648BE7D3E08EBF76CB3A /* Pods-WeTeamUpTests.release.xcconfig */ = {isa = PBXFileReference; includeInIndex = 1; lastKnownFileType = text.xcconfig; name = "Pods-WeTeamUpTests.release.xcconfig"; path = "Pods/Target Support Files/Pods-WeTeamUpTests/Pods-WeTeamUpTests.release.xcconfig"; sourceTree = "<group>"; };
		70C18619012FB0D58B9F2ECA /* Pods_WeTeamUp.framework */ = {isa = PBXFileReference; explicitFileType = wrapper.framework; includeInIndex = 0; path = Pods_WeTeamUp.framework; sourceTree = BUILT_PRODUCTS_DIR; };
		8B2F3012008776C3DFC1BA0F /* Pods-WeTeamUp.release.xcconfig */ = {isa = PBXFileReference; includeInIndex = 1; lastKnownFileType = text.xcconfig; name = "Pods-WeTeamUp.release.xcconfig"; path = "Pods/Target Support Files/Pods-WeTeamUp/Pods-WeTeamUp.release.xcconfig"; sourceTree = "<group>"; };
		8C18A6CDB2AC9AB2B6EF269E /* Pods-WeTeamUpUITests.debug.xcconfig */ = {isa = PBXFileReference; includeInIndex = 1; lastKnownFileType = text.xcconfig; name = "Pods-WeTeamUpUITests.debug.xcconfig"; path = "Pods/Target Support Files/Pods-WeTeamUpUITests/Pods-WeTeamUpUITests.debug.xcconfig"; sourceTree = "<group>"; };
		A425648865105D8A51BF3E48 /* Pods_WeTeamUpTests.framework */ = {isa = PBXFileReference; explicitFileType = wrapper.framework; includeInIndex = 0; path = Pods_WeTeamUpTests.framework; sourceTree = BUILT_PRODUCTS_DIR; };
		AF439FD373E536FAAA14FC65 /* Pods-WeTeamUp.debug.xcconfig */ = {isa = PBXFileReference; includeInIndex = 1; lastKnownFileType = text.xcconfig; name = "Pods-WeTeamUp.debug.xcconfig"; path = "Pods/Target Support Files/Pods-WeTeamUp/Pods-WeTeamUp.debug.xcconfig"; sourceTree = "<group>"; };
		C40AC7E01F1D3F9600C80277 /* LoginViewController.swift */ = {isa = PBXFileReference; fileEncoding = 4; lastKnownFileType = sourcecode.swift; path = LoginViewController.swift; sourceTree = "<group>"; };
		C40AC7E21F1D423200C80277 /* TeamHomeViewController.swift */ = {isa = PBXFileReference; fileEncoding = 4; lastKnownFileType = sourcecode.swift; path = TeamHomeViewController.swift; sourceTree = "<group>"; };
		C40AC7E41F1D53AC00C80277 /* GoogleService-Info.plist */ = {isa = PBXFileReference; fileEncoding = 4; lastKnownFileType = text.plist.xml; path = "GoogleService-Info.plist"; sourceTree = "<group>"; };
		C40AC7F41F1D69B400C80277 /* WeTeamUp.entitlements */ = {isa = PBXFileReference; lastKnownFileType = text.plist.entitlements; path = WeTeamUp.entitlements; sourceTree = "<group>"; };
		C426AF6E1F410CDD00BD5DD3 /* subHeaderCollectionViewCell.swift */ = {isa = PBXFileReference; fileEncoding = 4; lastKnownFileType = sourcecode.swift; path = subHeaderCollectionViewCell.swift; sourceTree = "<group>"; };
		C426AF6F1F410CDD00BD5DD3 /* subHeaderCollectionViewCell.xib */ = {isa = PBXFileReference; fileEncoding = 4; lastKnownFileType = file.xib; path = subHeaderCollectionViewCell.xib; sourceTree = "<group>"; };
		C426AF761F41235A00BD5DD3 /* StickyHeaderCollectionViewFlowLayout.swift */ = {isa = PBXFileReference; fileEncoding = 4; lastKnownFileType = sourcecode.swift; path = StickyHeaderCollectionViewFlowLayout.swift; sourceTree = "<group>"; };
		C4561DF71F0AE5020037CB1C /* WeTeamUp.app */ = {isa = PBXFileReference; explicitFileType = wrapper.application; includeInIndex = 0; path = WeTeamUp.app; sourceTree = BUILT_PRODUCTS_DIR; };
		C4561DFA1F0AE5020037CB1C /* AppDelegate.swift */ = {isa = PBXFileReference; lastKnownFileType = sourcecode.swift; path = AppDelegate.swift; sourceTree = "<group>"; };
		C4561DFC1F0AE5020037CB1C /* ViewController.swift */ = {isa = PBXFileReference; lastKnownFileType = sourcecode.swift; path = ViewController.swift; sourceTree = "<group>"; };
		C4561DFF1F0AE5020037CB1C /* Base */ = {isa = PBXFileReference; lastKnownFileType = file.storyboard; name = Base; path = Base.lproj/Main.storyboard; sourceTree = "<group>"; };
		C4561E021F0AE5020037CB1C /* WeTeamUp.xcdatamodel */ = {isa = PBXFileReference; lastKnownFileType = wrapper.xcdatamodel; path = WeTeamUp.xcdatamodel; sourceTree = "<group>"; };
		C4561E041F0AE5020037CB1C /* Assets.xcassets */ = {isa = PBXFileReference; lastKnownFileType = folder.assetcatalog; path = Assets.xcassets; sourceTree = "<group>"; };
		C4561E071F0AE5020037CB1C /* Base */ = {isa = PBXFileReference; lastKnownFileType = file.storyboard; name = Base; path = Base.lproj/LaunchScreen.storyboard; sourceTree = "<group>"; };
		C4561E091F0AE5020037CB1C /* Info.plist */ = {isa = PBXFileReference; lastKnownFileType = text.plist.xml; path = Info.plist; sourceTree = "<group>"; };
		C4561E0E1F0AE5020037CB1C /* WeTeamUpTests.xctest */ = {isa = PBXFileReference; explicitFileType = wrapper.cfbundle; includeInIndex = 0; path = WeTeamUpTests.xctest; sourceTree = BUILT_PRODUCTS_DIR; };
		C4561E121F0AE5020037CB1C /* WeTeamUpTests.swift */ = {isa = PBXFileReference; lastKnownFileType = sourcecode.swift; path = WeTeamUpTests.swift; sourceTree = "<group>"; };
		C4561E141F0AE5020037CB1C /* Info.plist */ = {isa = PBXFileReference; lastKnownFileType = text.plist.xml; path = Info.plist; sourceTree = "<group>"; };
		C4561E191F0AE5020037CB1C /* WeTeamUpUITests.xctest */ = {isa = PBXFileReference; explicitFileType = wrapper.cfbundle; includeInIndex = 0; path = WeTeamUpUITests.xctest; sourceTree = BUILT_PRODUCTS_DIR; };
		C4561E1D1F0AE5020037CB1C /* WeTeamUpUITests.swift */ = {isa = PBXFileReference; lastKnownFileType = sourcecode.swift; path = WeTeamUpUITests.swift; sourceTree = "<group>"; };
		C4561E1F1F0AE5020037CB1C /* Info.plist */ = {isa = PBXFileReference; lastKnownFileType = text.plist.xml; path = Info.plist; sourceTree = "<group>"; };
		C479A1E01F32618E00CA36E7 /* Constants.swift */ = {isa = PBXFileReference; fileEncoding = 4; lastKnownFileType = sourcecode.swift; path = Constants.swift; sourceTree = "<group>"; };
		C4B576C41F3E799500F73F0F /* IOStickyHeaderFlowLayout.swift */ = {isa = PBXFileReference; fileEncoding = 4; lastKnownFileType = sourcecode.swift; path = IOStickyHeaderFlowLayout.swift; sourceTree = "<group>"; };
		C4B576C51F3E799500F73F0F /* IOStickyHeaderFlowLayoutAttributes.swift */ = {isa = PBXFileReference; fileEncoding = 4; lastKnownFileType = sourcecode.swift; path = IOStickyHeaderFlowLayoutAttributes.swift; sourceTree = "<group>"; };
		C4B576DD1F3E847B00F73F0F /* IOGrowHeader.swift */ = {isa = PBXFileReference; fileEncoding = 4; lastKnownFileType = sourcecode.swift; path = IOGrowHeader.swift; sourceTree = "<group>"; };
		C4B576DE1F3E847B00F73F0F /* IOGrowHeader.xib */ = {isa = PBXFileReference; fileEncoding = 4; lastKnownFileType = file.xib; path = IOGrowHeader.xib; sourceTree = "<group>"; };
		C4BB99941F3E25B7007497C0 /* AsyncButton.swift */ = {isa = PBXFileReference; fileEncoding = 4; lastKnownFileType = sourcecode.swift; name = AsyncButton.swift; path = Spring/AsyncButton.swift; sourceTree = "<group>"; };
		C4BB99951F3E25B7007497C0 /* AsyncImageView.swift */ = {isa = PBXFileReference; fileEncoding = 4; lastKnownFileType = sourcecode.swift; name = AsyncImageView.swift; path = Spring/AsyncImageView.swift; sourceTree = "<group>"; };
		C4BB99961F3E25B7007497C0 /* AutoTextView.swift */ = {isa = PBXFileReference; fileEncoding = 4; lastKnownFileType = sourcecode.swift; name = AutoTextView.swift; path = Spring/AutoTextView.swift; sourceTree = "<group>"; };
		C4BB99971F3E25B7007497C0 /* BlurView.swift */ = {isa = PBXFileReference; fileEncoding = 4; lastKnownFileType = sourcecode.swift; name = BlurView.swift; path = Spring/BlurView.swift; sourceTree = "<group>"; };
		C4BB99981F3E25B7007497C0 /* DesignableButton.swift */ = {isa = PBXFileReference; fileEncoding = 4; lastKnownFileType = sourcecode.swift; name = DesignableButton.swift; path = Spring/DesignableButton.swift; sourceTree = "<group>"; };
		C4BB99991F3E25B7007497C0 /* DesignableImageView.swift */ = {isa = PBXFileReference; fileEncoding = 4; lastKnownFileType = sourcecode.swift; name = DesignableImageView.swift; path = Spring/DesignableImageView.swift; sourceTree = "<group>"; };
		C4BB999A1F3E25B7007497C0 /* DesignableLabel.swift */ = {isa = PBXFileReference; fileEncoding = 4; lastKnownFileType = sourcecode.swift; name = DesignableLabel.swift; path = Spring/DesignableLabel.swift; sourceTree = "<group>"; };
		C4BB999B1F3E25B7007497C0 /* DesignableTabBarController.swift */ = {isa = PBXFileReference; fileEncoding = 4; lastKnownFileType = sourcecode.swift; name = DesignableTabBarController.swift; path = Spring/DesignableTabBarController.swift; sourceTree = "<group>"; };
		C4BB999C1F3E25B7007497C0 /* DesignableTextField.swift */ = {isa = PBXFileReference; fileEncoding = 4; lastKnownFileType = sourcecode.swift; name = DesignableTextField.swift; path = Spring/DesignableTextField.swift; sourceTree = "<group>"; };
		C4BB999D1F3E25B7007497C0 /* DesignableTextView.swift */ = {isa = PBXFileReference; fileEncoding = 4; lastKnownFileType = sourcecode.swift; name = DesignableTextView.swift; path = Spring/DesignableTextView.swift; sourceTree = "<group>"; };
		C4BB999E1F3E25B7007497C0 /* DesignableView.swift */ = {isa = PBXFileReference; fileEncoding = 4; lastKnownFileType = sourcecode.swift; name = DesignableView.swift; path = Spring/DesignableView.swift; sourceTree = "<group>"; };
		C4BB999F1F3E25B7007497C0 /* ImageLoader.swift */ = {isa = PBXFileReference; fileEncoding = 4; lastKnownFileType = sourcecode.swift; name = ImageLoader.swift; path = Spring/ImageLoader.swift; sourceTree = "<group>"; };
		C4BB99A11F3E25B7007497C0 /* KeyboardLayoutConstraint.swift */ = {isa = PBXFileReference; fileEncoding = 4; lastKnownFileType = sourcecode.swift; name = KeyboardLayoutConstraint.swift; path = Spring/KeyboardLayoutConstraint.swift; sourceTree = "<group>"; };
		C4BB99A21F3E25B7007497C0 /* LoadingView.swift */ = {isa = PBXFileReference; fileEncoding = 4; lastKnownFileType = sourcecode.swift; name = LoadingView.swift; path = Spring/LoadingView.swift; sourceTree = "<group>"; };
		C4BB99A31F3E25B7007497C0 /* LoadingView.xib */ = {isa = PBXFileReference; fileEncoding = 4; lastKnownFileType = file.xib; name = LoadingView.xib; path = Spring/LoadingView.xib; sourceTree = "<group>"; };
		C4BB99A41F3E25B7007497C0 /* Misc.swift */ = {isa = PBXFileReference; fileEncoding = 4; lastKnownFileType = sourcecode.swift; name = Misc.swift; path = Spring/Misc.swift; sourceTree = "<group>"; };
		C4BB99A51F3E25B7007497C0 /* SoundPlayer.swift */ = {isa = PBXFileReference; fileEncoding = 4; lastKnownFileType = sourcecode.swift; name = SoundPlayer.swift; path = Spring/SoundPlayer.swift; sourceTree = "<group>"; };
		C4BB99A71F3E25B7007497C0 /* Spring.swift */ = {isa = PBXFileReference; fileEncoding = 4; lastKnownFileType = sourcecode.swift; name = Spring.swift; path = Spring/Spring.swift; sourceTree = "<group>"; };
		C4BB99A81F3E25B7007497C0 /* SpringAnimation.swift */ = {isa = PBXFileReference; fileEncoding = 4; lastKnownFileType = sourcecode.swift; name = SpringAnimation.swift; path = Spring/SpringAnimation.swift; sourceTree = "<group>"; };
		C4BB99A91F3E25B7007497C0 /* SpringButton.swift */ = {isa = PBXFileReference; fileEncoding = 4; lastKnownFileType = sourcecode.swift; name = SpringButton.swift; path = Spring/SpringButton.swift; sourceTree = "<group>"; };
		C4BB99AA1F3E25B7007497C0 /* SpringImageView.swift */ = {isa = PBXFileReference; fileEncoding = 4; lastKnownFileType = sourcecode.swift; name = SpringImageView.swift; path = Spring/SpringImageView.swift; sourceTree = "<group>"; };
		C4BB99AB1F3E25B7007497C0 /* SpringLabel.swift */ = {isa = PBXFileReference; fileEncoding = 4; lastKnownFileType = sourcecode.swift; name = SpringLabel.swift; path = Spring/SpringLabel.swift; sourceTree = "<group>"; };
		C4BB99AC1F3E25B7007497C0 /* SpringTextField.swift */ = {isa = PBXFileReference; fileEncoding = 4; lastKnownFileType = sourcecode.swift; name = SpringTextField.swift; path = Spring/SpringTextField.swift; sourceTree = "<group>"; };
		C4BB99AD1F3E25B7007497C0 /* SpringTextView.swift */ = {isa = PBXFileReference; fileEncoding = 4; lastKnownFileType = sourcecode.swift; name = SpringTextView.swift; path = Spring/SpringTextView.swift; sourceTree = "<group>"; };
		C4BB99AE1F3E25B7007497C0 /* SpringView.swift */ = {isa = PBXFileReference; fileEncoding = 4; lastKnownFileType = sourcecode.swift; name = SpringView.swift; path = Spring/SpringView.swift; sourceTree = "<group>"; };
		C4BB99AF1F3E25B7007497C0 /* TransitionManager.swift */ = {isa = PBXFileReference; fileEncoding = 4; lastKnownFileType = sourcecode.swift; name = TransitionManager.swift; path = Spring/TransitionManager.swift; sourceTree = "<group>"; };
		C4BB99B01F3E25B7007497C0 /* TransitionZoom.swift */ = {isa = PBXFileReference; fileEncoding = 4; lastKnownFileType = sourcecode.swift; name = TransitionZoom.swift; path = Spring/TransitionZoom.swift; sourceTree = "<group>"; };
		C4BB99B11F3E25B7007497C0 /* UnwindSegue.swift */ = {isa = PBXFileReference; fileEncoding = 4; lastKnownFileType = sourcecode.swift; name = UnwindSegue.swift; path = Spring/UnwindSegue.swift; sourceTree = "<group>"; };
		C4DBDBB61F310E00001348F0 /* HomeCardsCollectionViewCell.swift */ = {isa = PBXFileReference; fileEncoding = 4; lastKnownFileType = sourcecode.swift; path = HomeCardsCollectionViewCell.swift; sourceTree = "<group>"; };
		C4DBDBB71F310E00001348F0 /* HomeCardsCollectionViewCell.xib */ = {isa = PBXFileReference; fileEncoding = 4; lastKnownFileType = file.xib; path = HomeCardsCollectionViewCell.xib; sourceTree = "<group>"; };
		E41D56BB2EF1DD164603A9A0 /* Pods_WeTeamUpUITests.framework */ = {isa = PBXFileReference; explicitFileType = wrapper.framework; includeInIndex = 0; path = Pods_WeTeamUpUITests.framework; sourceTree = BUILT_PRODUCTS_DIR; };
/* End PBXFileReference section */

/* Begin PBXFrameworksBuildPhase section */
		C4561DF41F0AE5020037CB1C /* Frameworks */ = {
			isa = PBXFrameworksBuildPhase;
			buildActionMask = 2147483647;
			files = (
				AC4FFC5F180FC2EB9213D17B /* Pods_WeTeamUp.framework in Frameworks */,
			);
			runOnlyForDeploymentPostprocessing = 0;
		};
		C4561E0B1F0AE5020037CB1C /* Frameworks */ = {
			isa = PBXFrameworksBuildPhase;
			buildActionMask = 2147483647;
			files = (
				4DEA218DAE502ECA35C4C053 /* Pods_WeTeamUpTests.framework in Frameworks */,
			);
			runOnlyForDeploymentPostprocessing = 0;
		};
		C4561E161F0AE5020037CB1C /* Frameworks */ = {
			isa = PBXFrameworksBuildPhase;
			buildActionMask = 2147483647;
			files = (
				10A708A296E4D8D753747A53 /* Pods_WeTeamUpUITests.framework in Frameworks */,
			);
			runOnlyForDeploymentPostprocessing = 0;
		};
/* End PBXFrameworksBuildPhase section */

/* Begin PBXGroup section */
		9BE6BFEBB1212D52CEDFF143 /* Pods */ = {
			isa = PBXGroup;
			children = (
				AF439FD373E536FAAA14FC65 /* Pods-WeTeamUp.debug.xcconfig */,
				8B2F3012008776C3DFC1BA0F /* Pods-WeTeamUp.release.xcconfig */,
				3458F506F7ED6E842E538925 /* Pods-WeTeamUpTests.debug.xcconfig */,
				3D22648BE7D3E08EBF76CB3A /* Pods-WeTeamUpTests.release.xcconfig */,
				8C18A6CDB2AC9AB2B6EF269E /* Pods-WeTeamUpUITests.debug.xcconfig */,
				088F023EC95016EFE4A7488D /* Pods-WeTeamUpUITests.release.xcconfig */,
			);
			name = Pods;
			sourceTree = "<group>";
		};
		C426AF6D1F410C8D00BD5DD3 /* Cells */ = {
			isa = PBXGroup;
			children = (
				C4DBDBB61F310E00001348F0 /* HomeCardsCollectionViewCell.swift */,
				C4DBDBB71F310E00001348F0 /* HomeCardsCollectionViewCell.xib */,
				C426AF6E1F410CDD00BD5DD3 /* subHeaderCollectionViewCell.swift */,
				C426AF6F1F410CDD00BD5DD3 /* subHeaderCollectionViewCell.xib */,
			);
			name = Cells;
			sourceTree = "<group>";
		};
		C4561DEE1F0AE5020037CB1C = {
			isa = PBXGroup;
			children = (
				C4561DF91F0AE5020037CB1C /* WeTeamUp */,
				C4561E111F0AE5020037CB1C /* WeTeamUpTests */,
				C4561E1C1F0AE5020037CB1C /* WeTeamUpUITests */,
				C4561DF81F0AE5020037CB1C /* Products */,
				9BE6BFEBB1212D52CEDFF143 /* Pods */,
				EEDBA298A9364B11E6936ED1 /* Frameworks */,
			);
			sourceTree = "<group>";
		};
		C4561DF81F0AE5020037CB1C /* Products */ = {
			isa = PBXGroup;
			children = (
				C4561DF71F0AE5020037CB1C /* WeTeamUp.app */,
				C4561E0E1F0AE5020037CB1C /* WeTeamUpTests.xctest */,
				C4561E191F0AE5020037CB1C /* WeTeamUpUITests.xctest */,
			);
			name = Products;
			sourceTree = "<group>";
		};
		C4561DF91F0AE5020037CB1C /* WeTeamUp */ = {
			isa = PBXGroup;
			children = (
				C4B576D01F3E7FD900F73F0F /* IOParallaxHeader */,
				C4B576C31F3E796800F73F0F /* Parallax */,
				C4BB99801F3E2542007497C0 /* Spring */,
				C40AC7F41F1D69B400C80277 /* WeTeamUp.entitlements */,
				C479A1E01F32618E00CA36E7 /* Constants.swift */,
				C4561DFA1F0AE5020037CB1C /* AppDelegate.swift */,
				C4561DFC1F0AE5020037CB1C /* ViewController.swift */,
				C40AC7E01F1D3F9600C80277 /* LoginViewController.swift */,
				C40AC7E21F1D423200C80277 /* TeamHomeViewController.swift */,
				C426AF761F41235A00BD5DD3 /* StickyHeaderCollectionViewFlowLayout.swift */,
				C4561E041F0AE5020037CB1C /* Assets.xcassets */,
				C4561DFE1F0AE5020037CB1C /* Main.storyboard */,
				C4561E061F0AE5020037CB1C /* LaunchScreen.storyboard */,
				C4561E091F0AE5020037CB1C /* Info.plist */,
				C4561E011F0AE5020037CB1C /* WeTeamUp.xcdatamodeld */,
				C40AC7E41F1D53AC00C80277 /* GoogleService-Info.plist */,
			);
			path = WeTeamUp;
			sourceTree = "<group>";
		};
		C4561E111F0AE5020037CB1C /* WeTeamUpTests */ = {
			isa = PBXGroup;
			children = (
				C4561E121F0AE5020037CB1C /* WeTeamUpTests.swift */,
				C4561E141F0AE5020037CB1C /* Info.plist */,
			);
			path = WeTeamUpTests;
			sourceTree = "<group>";
		};
		C4561E1C1F0AE5020037CB1C /* WeTeamUpUITests */ = {
			isa = PBXGroup;
			children = (
				C4561E1D1F0AE5020037CB1C /* WeTeamUpUITests.swift */,
				C4561E1F1F0AE5020037CB1C /* Info.plist */,
			);
			path = WeTeamUpUITests;
			sourceTree = "<group>";
		};
		C4B576C31F3E796800F73F0F /* Parallax */ = {
			isa = PBXGroup;
			children = (
				C4B576C41F3E799500F73F0F /* IOStickyHeaderFlowLayout.swift */,
				C4B576C51F3E799500F73F0F /* IOStickyHeaderFlowLayoutAttributes.swift */,
				C426AF6D1F410C8D00BD5DD3 /* Cells */,
			);
			name = Parallax;
			sourceTree = "<group>";
		};
		C4B576D01F3E7FD900F73F0F /* IOParallaxHeader */ = {
			isa = PBXGroup;
			children = (
				C4B576DD1F3E847B00F73F0F /* IOGrowHeader.swift */,
				C4B576DE1F3E847B00F73F0F /* IOGrowHeader.xib */,
			);
			name = IOParallaxHeader;
			sourceTree = "<group>";
		};
		C4BB99801F3E2542007497C0 /* Spring */ = {
			isa = PBXGroup;
			children = (
				C4BB99941F3E25B7007497C0 /* AsyncButton.swift */,
				C4BB99951F3E25B7007497C0 /* AsyncImageView.swift */,
				C4BB99961F3E25B7007497C0 /* AutoTextView.swift */,
				C4BB99971F3E25B7007497C0 /* BlurView.swift */,
				C4BB99981F3E25B7007497C0 /* DesignableButton.swift */,
				C4BB99991F3E25B7007497C0 /* DesignableImageView.swift */,
				C4BB999A1F3E25B7007497C0 /* DesignableLabel.swift */,
				C4BB999B1F3E25B7007497C0 /* DesignableTabBarController.swift */,
				C4BB999C1F3E25B7007497C0 /* DesignableTextField.swift */,
				C4BB999D1F3E25B7007497C0 /* DesignableTextView.swift */,
				C4BB999E1F3E25B7007497C0 /* DesignableView.swift */,
				C4BB999F1F3E25B7007497C0 /* ImageLoader.swift */,
				C4BB99A11F3E25B7007497C0 /* KeyboardLayoutConstraint.swift */,
				C4BB99A21F3E25B7007497C0 /* LoadingView.swift */,
				C4BB99A31F3E25B7007497C0 /* LoadingView.xib */,
				C4BB99A41F3E25B7007497C0 /* Misc.swift */,
				C4BB99A51F3E25B7007497C0 /* SoundPlayer.swift */,
				C4BB99A71F3E25B7007497C0 /* Spring.swift */,
				C4BB99A81F3E25B7007497C0 /* SpringAnimation.swift */,
				C4BB99A91F3E25B7007497C0 /* SpringButton.swift */,
				C4BB99AA1F3E25B7007497C0 /* SpringImageView.swift */,
				C4BB99AB1F3E25B7007497C0 /* SpringLabel.swift */,
				C4BB99AC1F3E25B7007497C0 /* SpringTextField.swift */,
				C4BB99AD1F3E25B7007497C0 /* SpringTextView.swift */,
				C4BB99AE1F3E25B7007497C0 /* SpringView.swift */,
				C4BB99AF1F3E25B7007497C0 /* TransitionManager.swift */,
				C4BB99B01F3E25B7007497C0 /* TransitionZoom.swift */,
				C4BB99B11F3E25B7007497C0 /* UnwindSegue.swift */,
			);
			name = Spring;
			sourceTree = "<group>";
		};
		EEDBA298A9364B11E6936ED1 /* Frameworks */ = {
			isa = PBXGroup;
			children = (
				70C18619012FB0D58B9F2ECA /* Pods_WeTeamUp.framework */,
				A425648865105D8A51BF3E48 /* Pods_WeTeamUpTests.framework */,
				E41D56BB2EF1DD164603A9A0 /* Pods_WeTeamUpUITests.framework */,
			);
			name = Frameworks;
			sourceTree = "<group>";
		};
/* End PBXGroup section */

/* Begin PBXNativeTarget section */
		C4561DF61F0AE5020037CB1C /* WeTeamUp */ = {
			isa = PBXNativeTarget;
			buildConfigurationList = C4561E221F0AE5020037CB1C /* Build configuration list for PBXNativeTarget "WeTeamUp" */;
			buildPhases = (
				08388BFA0758F007BF7B5CE4 /* [CP] Check Pods Manifest.lock */,
				C4561DF31F0AE5020037CB1C /* Sources */,
				C4561DF41F0AE5020037CB1C /* Frameworks */,
				C4561DF51F0AE5020037CB1C /* Resources */,
				5D8EC2DF14FC046424AFC2E4 /* [CP] Embed Pods Frameworks */,
				AC6B4648D62220090631A79F /* [CP] Copy Pods Resources */,
			);
			buildRules = (
			);
			dependencies = (
			);
			name = WeTeamUp;
			productName = WeTeamUp;
			productReference = C4561DF71F0AE5020037CB1C /* WeTeamUp.app */;
			productType = "com.apple.product-type.application";
		};
		C4561E0D1F0AE5020037CB1C /* WeTeamUpTests */ = {
			isa = PBXNativeTarget;
			buildConfigurationList = C4561E251F0AE5020037CB1C /* Build configuration list for PBXNativeTarget "WeTeamUpTests" */;
			buildPhases = (
				7E98B5E0FADB85D213BC5480 /* [CP] Check Pods Manifest.lock */,
				C4561E0A1F0AE5020037CB1C /* Sources */,
				C4561E0B1F0AE5020037CB1C /* Frameworks */,
				C4561E0C1F0AE5020037CB1C /* Resources */,
				A862910288FDCC3A7ECE805E /* [CP] Embed Pods Frameworks */,
				993DF22E37D7F844F7CB64EB /* [CP] Copy Pods Resources */,
			);
			buildRules = (
			);
			dependencies = (
				C4561E101F0AE5020037CB1C /* PBXTargetDependency */,
			);
			name = WeTeamUpTests;
			productName = WeTeamUpTests;
			productReference = C4561E0E1F0AE5020037CB1C /* WeTeamUpTests.xctest */;
			productType = "com.apple.product-type.bundle.unit-test";
		};
		C4561E181F0AE5020037CB1C /* WeTeamUpUITests */ = {
			isa = PBXNativeTarget;
			buildConfigurationList = C4561E281F0AE5020037CB1C /* Build configuration list for PBXNativeTarget "WeTeamUpUITests" */;
			buildPhases = (
				C8E9481AA9E265E3C7C59595 /* [CP] Check Pods Manifest.lock */,
				C4561E151F0AE5020037CB1C /* Sources */,
				C4561E161F0AE5020037CB1C /* Frameworks */,
				C4561E171F0AE5020037CB1C /* Resources */,
				9C37C1648C79B15EA0C50181 /* [CP] Embed Pods Frameworks */,
				F7C4BDD91E60BA5525C75DC7 /* [CP] Copy Pods Resources */,
			);
			buildRules = (
			);
			dependencies = (
				C4561E1B1F0AE5020037CB1C /* PBXTargetDependency */,
			);
			name = WeTeamUpUITests;
			productName = WeTeamUpUITests;
			productReference = C4561E191F0AE5020037CB1C /* WeTeamUpUITests.xctest */;
			productType = "com.apple.product-type.bundle.ui-testing";
		};
/* End PBXNativeTarget section */

/* Begin PBXProject section */
		C4561DEF1F0AE5020037CB1C /* Project object */ = {
			isa = PBXProject;
			attributes = {
				LastSwiftUpdateCheck = 0830;
				LastUpgradeCheck = 0830;
				ORGANIZATIONNAME = "Daniel Ayala";
				TargetAttributes = {
					C4561DF61F0AE5020037CB1C = {
						CreatedOnToolsVersion = 8.3.3;
						DevelopmentTeam = 3WN2HPYHZR;
						ProvisioningStyle = Automatic;
						SystemCapabilities = {
							com.apple.Keychain = {
								enabled = 1;
							};
						};
					};
					C4561E0D1F0AE5020037CB1C = {
						CreatedOnToolsVersion = 8.3.3;
						DevelopmentTeam = 3WN2HPYHZR;
						ProvisioningStyle = Automatic;
						TestTargetID = C4561DF61F0AE5020037CB1C;
					};
					C4561E181F0AE5020037CB1C = {
						CreatedOnToolsVersion = 8.3.3;
						DevelopmentTeam = 3WN2HPYHZR;
						ProvisioningStyle = Automatic;
						TestTargetID = C4561DF61F0AE5020037CB1C;
					};
				};
			};
			buildConfigurationList = C4561DF21F0AE5020037CB1C /* Build configuration list for PBXProject "WeTeamUp" */;
			compatibilityVersion = "Xcode 3.2";
			developmentRegion = English;
			hasScannedForEncodings = 0;
			knownRegions = (
				en,
				Base,
			);
			mainGroup = C4561DEE1F0AE5020037CB1C;
			productRefGroup = C4561DF81F0AE5020037CB1C /* Products */;
			projectDirPath = "";
			projectRoot = "";
			targets = (
				C4561DF61F0AE5020037CB1C /* WeTeamUp */,
				C4561E0D1F0AE5020037CB1C /* WeTeamUpTests */,
				C4561E181F0AE5020037CB1C /* WeTeamUpUITests */,
			);
		};
/* End PBXProject section */

/* Begin PBXResourcesBuildPhase section */
		C4561DF51F0AE5020037CB1C /* Resources */ = {
			isa = PBXResourcesBuildPhase;
			buildActionMask = 2147483647;
			files = (
				C4561E081F0AE5020037CB1C /* LaunchScreen.storyboard in Resources */,
				C4B576E21F3E847B00F73F0F /* IOGrowHeader.xib in Resources */,
				C426AF731F410CDD00BD5DD3 /* subHeaderCollectionViewCell.xib in Resources */,
				C4BB99DF1F3E25B7007497C0 /* LoadingView.xib in Resources */,
				C4DBDBBB1F310E00001348F0 /* HomeCardsCollectionViewCell.xib in Resources */,
				C40AC7E51F1D53AC00C80277 /* GoogleService-Info.plist in Resources */,
				C4561E051F0AE5020037CB1C /* Assets.xcassets in Resources */,
				C4561E001F0AE5020037CB1C /* Main.storyboard in Resources */,
			);
			runOnlyForDeploymentPostprocessing = 0;
		};
		C4561E0C1F0AE5020037CB1C /* Resources */ = {
			isa = PBXResourcesBuildPhase;
			buildActionMask = 2147483647;
			files = (
				C426AF741F410CDD00BD5DD3 /* subHeaderCollectionViewCell.xib in Resources */,
				C40AC7E61F1D53AC00C80277 /* GoogleService-Info.plist in Resources */,
				C40AC7F21F1D53DE00C80277 /* Main.storyboard in Resources */,
				C4BB99E01F3E25B7007497C0 /* LoadingView.xib in Resources */,
				C4B576E31F3E847B00F73F0F /* IOGrowHeader.xib in Resources */,
				C4DBDBBC1F310E00001348F0 /* HomeCardsCollectionViewCell.xib in Resources */,
			);
			runOnlyForDeploymentPostprocessing = 0;
		};
		C4561E171F0AE5020037CB1C /* Resources */ = {
			isa = PBXResourcesBuildPhase;
			buildActionMask = 2147483647;
			files = (
				C426AF751F410CDD00BD5DD3 /* subHeaderCollectionViewCell.xib in Resources */,
				C40AC7E71F1D53AC00C80277 /* GoogleService-Info.plist in Resources */,
				C40AC7F31F1D53E000C80277 /* Main.storyboard in Resources */,
				C4BB99E11F3E25B7007497C0 /* LoadingView.xib in Resources */,
				C4B576E41F3E847B00F73F0F /* IOGrowHeader.xib in Resources */,
				C4DBDBBD1F310E00001348F0 /* HomeCardsCollectionViewCell.xib in Resources */,
			);
			runOnlyForDeploymentPostprocessing = 0;
		};
/* End PBXResourcesBuildPhase section */

/* Begin PBXShellScriptBuildPhase section */
		08388BFA0758F007BF7B5CE4 /* [CP] Check Pods Manifest.lock */ = {
			isa = PBXShellScriptBuildPhase;
			buildActionMask = 2147483647;
			files = (
			);
			inputPaths = (
			);
			name = "[CP] Check Pods Manifest.lock";
			outputPaths = (
			);
			runOnlyForDeploymentPostprocessing = 0;
			shellPath = /bin/sh;
			shellScript = "diff \"${PODS_ROOT}/../Podfile.lock\" \"${PODS_ROOT}/Manifest.lock\" > /dev/null\nif [ $? != 0 ] ; then\n    # print error to STDERR\n    echo \"error: The sandbox is not in sync with the Podfile.lock. Run 'pod install' or update your CocoaPods installation.\" >&2\n    exit 1\nfi\n";
			showEnvVarsInLog = 0;
		};
		5D8EC2DF14FC046424AFC2E4 /* [CP] Embed Pods Frameworks */ = {
			isa = PBXShellScriptBuildPhase;
			buildActionMask = 2147483647;
			files = (
			);
			inputPaths = (
			);
			name = "[CP] Embed Pods Frameworks";
			outputPaths = (
			);
			runOnlyForDeploymentPostprocessing = 0;
			shellPath = /bin/sh;
			shellScript = "\"${SRCROOT}/Pods/Target Support Files/Pods-WeTeamUp/Pods-WeTeamUp-frameworks.sh\"\n";
			showEnvVarsInLog = 0;
		};
		7E98B5E0FADB85D213BC5480 /* [CP] Check Pods Manifest.lock */ = {
			isa = PBXShellScriptBuildPhase;
			buildActionMask = 2147483647;
			files = (
			);
			inputPaths = (
			);
			name = "[CP] Check Pods Manifest.lock";
			outputPaths = (
			);
			runOnlyForDeploymentPostprocessing = 0;
			shellPath = /bin/sh;
			shellScript = "diff \"${PODS_ROOT}/../Podfile.lock\" \"${PODS_ROOT}/Manifest.lock\" > /dev/null\nif [ $? != 0 ] ; then\n    # print error to STDERR\n    echo \"error: The sandbox is not in sync with the Podfile.lock. Run 'pod install' or update your CocoaPods installation.\" >&2\n    exit 1\nfi\n";
			showEnvVarsInLog = 0;
		};
		993DF22E37D7F844F7CB64EB /* [CP] Copy Pods Resources */ = {
			isa = PBXShellScriptBuildPhase;
			buildActionMask = 2147483647;
			files = (
			);
			inputPaths = (
			);
			name = "[CP] Copy Pods Resources";
			outputPaths = (
			);
			runOnlyForDeploymentPostprocessing = 0;
			shellPath = /bin/sh;
			shellScript = "\"${SRCROOT}/Pods/Target Support Files/Pods-WeTeamUpTests/Pods-WeTeamUpTests-resources.sh\"\n";
			showEnvVarsInLog = 0;
		};
		9C37C1648C79B15EA0C50181 /* [CP] Embed Pods Frameworks */ = {
			isa = PBXShellScriptBuildPhase;
			buildActionMask = 2147483647;
			files = (
			);
			inputPaths = (
			);
			name = "[CP] Embed Pods Frameworks";
			outputPaths = (
			);
			runOnlyForDeploymentPostprocessing = 0;
			shellPath = /bin/sh;
			shellScript = "\"${SRCROOT}/Pods/Target Support Files/Pods-WeTeamUpUITests/Pods-WeTeamUpUITests-frameworks.sh\"\n";
			showEnvVarsInLog = 0;
		};
		A862910288FDCC3A7ECE805E /* [CP] Embed Pods Frameworks */ = {
			isa = PBXShellScriptBuildPhase;
			buildActionMask = 2147483647;
			files = (
			);
			inputPaths = (
			);
			name = "[CP] Embed Pods Frameworks";
			outputPaths = (
			);
			runOnlyForDeploymentPostprocessing = 0;
			shellPath = /bin/sh;
			shellScript = "\"${SRCROOT}/Pods/Target Support Files/Pods-WeTeamUpTests/Pods-WeTeamUpTests-frameworks.sh\"\n";
			showEnvVarsInLog = 0;
		};
		AC6B4648D62220090631A79F /* [CP] Copy Pods Resources */ = {
			isa = PBXShellScriptBuildPhase;
			buildActionMask = 2147483647;
			files = (
			);
			inputPaths = (
			);
			name = "[CP] Copy Pods Resources";
			outputPaths = (
			);
			runOnlyForDeploymentPostprocessing = 0;
			shellPath = /bin/sh;
			shellScript = "\"${SRCROOT}/Pods/Target Support Files/Pods-WeTeamUp/Pods-WeTeamUp-resources.sh\"\n";
			showEnvVarsInLog = 0;
		};
		C8E9481AA9E265E3C7C59595 /* [CP] Check Pods Manifest.lock */ = {
			isa = PBXShellScriptBuildPhase;
			buildActionMask = 2147483647;
			files = (
			);
			inputPaths = (
			);
			name = "[CP] Check Pods Manifest.lock";
			outputPaths = (
			);
			runOnlyForDeploymentPostprocessing = 0;
			shellPath = /bin/sh;
			shellScript = "diff \"${PODS_ROOT}/../Podfile.lock\" \"${PODS_ROOT}/Manifest.lock\" > /dev/null\nif [ $? != 0 ] ; then\n    # print error to STDERR\n    echo \"error: The sandbox is not in sync with the Podfile.lock. Run 'pod install' or update your CocoaPods installation.\" >&2\n    exit 1\nfi\n";
			showEnvVarsInLog = 0;
		};
		F7C4BDD91E60BA5525C75DC7 /* [CP] Copy Pods Resources */ = {
			isa = PBXShellScriptBuildPhase;
			buildActionMask = 2147483647;
			files = (
			);
			inputPaths = (
			);
			name = "[CP] Copy Pods Resources";
			outputPaths = (
			);
			runOnlyForDeploymentPostprocessing = 0;
			shellPath = /bin/sh;
			shellScript = "\"${SRCROOT}/Pods/Target Support Files/Pods-WeTeamUpUITests/Pods-WeTeamUpUITests-resources.sh\"\n";
			showEnvVarsInLog = 0;
		};
/* End PBXShellScriptBuildPhase section */

/* Begin PBXSourcesBuildPhase section */
		C4561DF31F0AE5020037CB1C /* Sources */ = {
			isa = PBXSourcesBuildPhase;
			buildActionMask = 2147483647;
			files = (
				C40AC7E11F1D3F9600C80277 /* LoginViewController.swift in Sources */,
				C4BB99E81F3E25B7007497C0 /* Spring.swift in Sources */,
				C4DBDBB81F310E00001348F0 /* HomeCardsCollectionViewCell.swift in Sources */,
				C4BB99D31F3E25B7007497C0 /* ImageLoader.swift in Sources */,
				C4BB99DC1F3E25B7007497C0 /* LoadingView.swift in Sources */,
				C4B576DF1F3E847B00F73F0F /* IOGrowHeader.swift in Sources */,
				C4BB99EE1F3E25B7007497C0 /* SpringButton.swift in Sources */,
				C4BB99C71F3E25B7007497C0 /* DesignableTabBarController.swift in Sources */,
				C4BB99F41F3E25B7007497C0 /* SpringLabel.swift in Sources */,
				C4BB99CD1F3E25B7007497C0 /* DesignableTextView.swift in Sources */,
				C4BB9A031F3E25B7007497C0 /* TransitionZoom.swift in Sources */,
				C40AC7E31F1D423200C80277 /* TeamHomeViewController.swift in Sources */,
				C4BB99F11F3E25B7007497C0 /* SpringImageView.swift in Sources */,
				C4BB99B51F3E25B7007497C0 /* AsyncImageView.swift in Sources */,
				C426AF701F410CDD00BD5DD3 /* subHeaderCollectionViewCell.swift in Sources */,
				C4BB99F71F3E25B7007497C0 /* SpringTextField.swift in Sources */,
				C4BB99CA1F3E25B7007497C0 /* DesignableTextField.swift in Sources */,
				C4BB99D01F3E25B7007497C0 /* DesignableView.swift in Sources */,
				C4BB99E51F3E25B7007497C0 /* SoundPlayer.swift in Sources */,
				C4561E031F0AE5020037CB1C /* WeTeamUp.xcdatamodeld in Sources */,
				C4BB99BB1F3E25B7007497C0 /* BlurView.swift in Sources */,
				C4BB99D91F3E25B7007497C0 /* KeyboardLayoutConstraint.swift in Sources */,
				C4BB99EB1F3E25B7007497C0 /* SpringAnimation.swift in Sources */,
				C4BB99E21F3E25B7007497C0 /* Misc.swift in Sources */,
				C4BB9A001F3E25B7007497C0 /* TransitionManager.swift in Sources */,
				C4BB99C11F3E25B7007497C0 /* DesignableImageView.swift in Sources */,
				C4BB99B21F3E25B7007497C0 /* AsyncButton.swift in Sources */,
				C4BB9A061F3E25B7007497C0 /* UnwindSegue.swift in Sources */,
				C4B576C61F3E799500F73F0F /* IOStickyHeaderFlowLayout.swift in Sources */,
				C479A1E11F32618E00CA36E7 /* Constants.swift in Sources */,
				C4BB99FD1F3E25B7007497C0 /* SpringView.swift in Sources */,
				C4BB99C41F3E25B7007497C0 /* DesignableLabel.swift in Sources */,
				C4B576C91F3E799500F73F0F /* IOStickyHeaderFlowLayoutAttributes.swift in Sources */,
				C4BB99B81F3E25B7007497C0 /* AutoTextView.swift in Sources */,
				C4BB99FA1F3E25B7007497C0 /* SpringTextView.swift in Sources */,
				C4BB99BE1F3E25B7007497C0 /* DesignableButton.swift in Sources */,
				C426AF771F41235A00BD5DD3 /* StickyHeaderCollectionViewFlowLayout.swift in Sources */,
				C4561DFD1F0AE5020037CB1C /* ViewController.swift in Sources */,
				C4561DFB1F0AE5020037CB1C /* AppDelegate.swift in Sources */,
			);
			runOnlyForDeploymentPostprocessing = 0;
		};
		C4561E0A1F0AE5020037CB1C /* Sources */ = {
			isa = PBXSourcesBuildPhase;
			buildActionMask = 2147483647;
			files = (
				C4BB99EF1F3E25B7007497C0 /* SpringButton.swift in Sources */,
				C4BB99E61F3E25B7007497C0 /* SoundPlayer.swift in Sources */,
				C4BB99FB1F3E25B7007497C0 /* SpringTextView.swift in Sources */,
				C40AC7F01F1D53D200C80277 /* ViewController.swift in Sources */,
				C4BB99CB1F3E25B7007497C0 /* DesignableTextField.swift in Sources */,
				C4BB99CE1F3E25B7007497C0 /* DesignableTextView.swift in Sources */,
				C4BB9A041F3E25B7007497C0 /* TransitionZoom.swift in Sources */,
				C4BB99F81F3E25B7007497C0 /* SpringTextField.swift in Sources */,
				C4B576C71F3E799500F73F0F /* IOStickyHeaderFlowLayout.swift in Sources */,
				C4BB99C21F3E25B7007497C0 /* DesignableImageView.swift in Sources */,
				C40AC7ED1F1D53CC00C80277 /* LoginViewController.swift in Sources */,
				C4DBDBB91F310E00001348F0 /* HomeCardsCollectionViewCell.swift in Sources */,
				C40AC7EA1F1D53C700C80277 /* TeamHomeViewController.swift in Sources */,
				C4BB99D11F3E25B7007497C0 /* DesignableView.swift in Sources */,
				C4BB99E31F3E25B7007497C0 /* Misc.swift in Sources */,
				C4BB99B61F3E25B7007497C0 /* AsyncImageView.swift in Sources */,
				C4BB99C81F3E25B7007497C0 /* DesignableTabBarController.swift in Sources */,
				C4BB99B91F3E25B7007497C0 /* AutoTextView.swift in Sources */,
				C426AF781F41235A00BD5DD3 /* StickyHeaderCollectionViewFlowLayout.swift in Sources */,
				C4BB9A071F3E25B7007497C0 /* UnwindSegue.swift in Sources */,
				C4BB99FE1F3E25B7007497C0 /* SpringView.swift in Sources */,
				C4BB99F51F3E25B7007497C0 /* SpringLabel.swift in Sources */,
				C4561E131F0AE5020037CB1C /* WeTeamUpTests.swift in Sources */,
				C4BB99DA1F3E25B7007497C0 /* KeyboardLayoutConstraint.swift in Sources */,
				C4BB99B31F3E25B7007497C0 /* AsyncButton.swift in Sources */,
				C4BB99D41F3E25B7007497C0 /* ImageLoader.swift in Sources */,
				C4BB99E91F3E25B7007497C0 /* Spring.swift in Sources */,
				C4BB9A011F3E25B7007497C0 /* TransitionManager.swift in Sources */,
				C4B576CA1F3E799500F73F0F /* IOStickyHeaderFlowLayoutAttributes.swift in Sources */,
				C4B576E01F3E847B00F73F0F /* IOGrowHeader.swift in Sources */,
				C4BB99BF1F3E25B7007497C0 /* DesignableButton.swift in Sources */,
				C4BB99BC1F3E25B7007497C0 /* BlurView.swift in Sources */,
				C40AC7EE1F1D53CE00C80277 /* AppDelegate.swift in Sources */,
				C40AC7E81F1D53C100C80277 /* WeTeamUp.xcdatamodeld in Sources */,
				C4BB99C51F3E25B7007497C0 /* DesignableLabel.swift in Sources */,
				C4BB99EC1F3E25B7007497C0 /* SpringAnimation.swift in Sources */,
				C479A1E21F32618E00CA36E7 /* Constants.swift in Sources */,
				C4BB99DD1F3E25B7007497C0 /* LoadingView.swift in Sources */,
				C426AF711F410CDD00BD5DD3 /* subHeaderCollectionViewCell.swift in Sources */,
				C4BB99F21F3E25B7007497C0 /* SpringImageView.swift in Sources */,
			);
			runOnlyForDeploymentPostprocessing = 0;
		};
		C4561E151F0AE5020037CB1C /* Sources */ = {
			isa = PBXSourcesBuildPhase;
			buildActionMask = 2147483647;
			files = (
				C4BB99F01F3E25B7007497C0 /* SpringButton.swift in Sources */,
				C4BB99E71F3E25B7007497C0 /* SoundPlayer.swift in Sources */,
				C4BB99FC1F3E25B7007497C0 /* SpringTextView.swift in Sources */,
				C40AC7F11F1D53D200C80277 /* ViewController.swift in Sources */,
				C4BB99CC1F3E25B7007497C0 /* DesignableTextField.swift in Sources */,
				C4BB99CF1F3E25B7007497C0 /* DesignableTextView.swift in Sources */,
				C4BB9A051F3E25B7007497C0 /* TransitionZoom.swift in Sources */,
				C4BB99F91F3E25B7007497C0 /* SpringTextField.swift in Sources */,
				C4B576C81F3E799500F73F0F /* IOStickyHeaderFlowLayout.swift in Sources */,
				C4BB99C31F3E25B7007497C0 /* DesignableImageView.swift in Sources */,
				C40AC7EC1F1D53CB00C80277 /* LoginViewController.swift in Sources */,
				C4DBDBBA1F310E00001348F0 /* HomeCardsCollectionViewCell.swift in Sources */,
				C40AC7EB1F1D53C800C80277 /* TeamHomeViewController.swift in Sources */,
				C4BB99D21F3E25B7007497C0 /* DesignableView.swift in Sources */,
				C4BB99E41F3E25B7007497C0 /* Misc.swift in Sources */,
				C4BB99B71F3E25B7007497C0 /* AsyncImageView.swift in Sources */,
				C4BB99C91F3E25B7007497C0 /* DesignableTabBarController.swift in Sources */,
				C4BB99BA1F3E25B7007497C0 /* AutoTextView.swift in Sources */,
				C426AF791F41235A00BD5DD3 /* StickyHeaderCollectionViewFlowLayout.swift in Sources */,
				C4BB9A081F3E25B7007497C0 /* UnwindSegue.swift in Sources */,
				C4BB99FF1F3E25B7007497C0 /* SpringView.swift in Sources */,
				C4BB99F61F3E25B7007497C0 /* SpringLabel.swift in Sources */,
				C4561E1E1F0AE5020037CB1C /* WeTeamUpUITests.swift in Sources */,
				C4BB99DB1F3E25B7007497C0 /* KeyboardLayoutConstraint.swift in Sources */,
				C4BB99B41F3E25B7007497C0 /* AsyncButton.swift in Sources */,
				C4BB99D51F3E25B7007497C0 /* ImageLoader.swift in Sources */,
				C4BB99EA1F3E25B7007497C0 /* Spring.swift in Sources */,
				C4BB9A021F3E25B7007497C0 /* TransitionManager.swift in Sources */,
				C4B576CB1F3E799500F73F0F /* IOStickyHeaderFlowLayoutAttributes.swift in Sources */,
				C4B576E11F3E847B00F73F0F /* IOGrowHeader.swift in Sources */,
				C4BB99C01F3E25B7007497C0 /* DesignableButton.swift in Sources */,
				C4BB99BD1F3E25B7007497C0 /* BlurView.swift in Sources */,
				C40AC7EF1F1D53CF00C80277 /* AppDelegate.swift in Sources */,
				C40AC7E91F1D53C200C80277 /* WeTeamUp.xcdatamodeld in Sources */,
				C4BB99C61F3E25B7007497C0 /* DesignableLabel.swift in Sources */,
				C4BB99ED1F3E25B7007497C0 /* SpringAnimation.swift in Sources */,
				C479A1E31F32618E00CA36E7 /* Constants.swift in Sources */,
				C4BB99DE1F3E25B7007497C0 /* LoadingView.swift in Sources */,
				C426AF721F410CDD00BD5DD3 /* subHeaderCollectionViewCell.swift in Sources */,
				C4BB99F31F3E25B7007497C0 /* SpringImageView.swift in Sources */,
			);
			runOnlyForDeploymentPostprocessing = 0;
		};
/* End PBXSourcesBuildPhase section */

/* Begin PBXTargetDependency section */
		C4561E101F0AE5020037CB1C /* PBXTargetDependency */ = {
			isa = PBXTargetDependency;
			target = C4561DF61F0AE5020037CB1C /* WeTeamUp */;
			targetProxy = C4561E0F1F0AE5020037CB1C /* PBXContainerItemProxy */;
		};
		C4561E1B1F0AE5020037CB1C /* PBXTargetDependency */ = {
			isa = PBXTargetDependency;
			target = C4561DF61F0AE5020037CB1C /* WeTeamUp */;
			targetProxy = C4561E1A1F0AE5020037CB1C /* PBXContainerItemProxy */;
		};
/* End PBXTargetDependency section */

/* Begin PBXVariantGroup section */
		C4561DFE1F0AE5020037CB1C /* Main.storyboard */ = {
			isa = PBXVariantGroup;
			children = (
				C4561DFF1F0AE5020037CB1C /* Base */,
			);
			name = Main.storyboard;
			sourceTree = "<group>";
		};
		C4561E061F0AE5020037CB1C /* LaunchScreen.storyboard */ = {
			isa = PBXVariantGroup;
			children = (
				C4561E071F0AE5020037CB1C /* Base */,
			);
			name = LaunchScreen.storyboard;
			sourceTree = "<group>";
		};
/* End PBXVariantGroup section */

/* Begin XCBuildConfiguration section */
		C4561E201F0AE5020037CB1C /* Debug */ = {
			isa = XCBuildConfiguration;
			buildSettings = {
				ALWAYS_SEARCH_USER_PATHS = NO;
				CLANG_ANALYZER_NONNULL = YES;
				CLANG_ANALYZER_NUMBER_OBJECT_CONVERSION = YES_AGGRESSIVE;
				CLANG_CXX_LANGUAGE_STANDARD = "gnu++0x";
				CLANG_CXX_LIBRARY = "libc++";
				CLANG_ENABLE_MODULES = YES;
				CLANG_ENABLE_OBJC_ARC = YES;
				CLANG_WARN_BOOL_CONVERSION = YES;
				CLANG_WARN_CONSTANT_CONVERSION = YES;
				CLANG_WARN_DIRECT_OBJC_ISA_USAGE = YES_ERROR;
				CLANG_WARN_DOCUMENTATION_COMMENTS = YES;
				CLANG_WARN_EMPTY_BODY = YES;
				CLANG_WARN_ENUM_CONVERSION = YES;
				CLANG_WARN_INFINITE_RECURSION = YES;
				CLANG_WARN_INT_CONVERSION = YES;
				CLANG_WARN_OBJC_ROOT_CLASS = YES_ERROR;
				CLANG_WARN_SUSPICIOUS_MOVE = YES;
				CLANG_WARN_UNREACHABLE_CODE = YES;
				CLANG_WARN__DUPLICATE_METHOD_MATCH = YES;
				"CODE_SIGN_IDENTITY[sdk=iphoneos*]" = "iPhone Developer";
				COPY_PHASE_STRIP = NO;
				DEBUG_INFORMATION_FORMAT = dwarf;
				ENABLE_STRICT_OBJC_MSGSEND = YES;
				ENABLE_TESTABILITY = YES;
				GCC_C_LANGUAGE_STANDARD = gnu99;
				GCC_DYNAMIC_NO_PIC = NO;
				GCC_NO_COMMON_BLOCKS = YES;
				GCC_OPTIMIZATION_LEVEL = 0;
				GCC_PREPROCESSOR_DEFINITIONS = (
					"DEBUG=1",
					"$(inherited)",
				);
				GCC_WARN_64_TO_32_BIT_CONVERSION = YES;
				GCC_WARN_ABOUT_RETURN_TYPE = YES_ERROR;
				GCC_WARN_UNDECLARED_SELECTOR = YES;
				GCC_WARN_UNINITIALIZED_AUTOS = YES_AGGRESSIVE;
				GCC_WARN_UNUSED_FUNCTION = YES;
				GCC_WARN_UNUSED_VARIABLE = YES;
				IPHONEOS_DEPLOYMENT_TARGET = 10.3;
				MTL_ENABLE_DEBUG_INFO = YES;
				ONLY_ACTIVE_ARCH = YES;
				SDKROOT = iphoneos;
				SWIFT_ACTIVE_COMPILATION_CONDITIONS = DEBUG;
				SWIFT_OPTIMIZATION_LEVEL = "-Onone";
				TARGETED_DEVICE_FAMILY = "1,2";
			};
			name = Debug;
		};
		C4561E211F0AE5020037CB1C /* Release */ = {
			isa = XCBuildConfiguration;
			buildSettings = {
				ALWAYS_SEARCH_USER_PATHS = NO;
				CLANG_ANALYZER_NONNULL = YES;
				CLANG_ANALYZER_NUMBER_OBJECT_CONVERSION = YES_AGGRESSIVE;
				CLANG_CXX_LANGUAGE_STANDARD = "gnu++0x";
				CLANG_CXX_LIBRARY = "libc++";
				CLANG_ENABLE_MODULES = YES;
				CLANG_ENABLE_OBJC_ARC = YES;
				CLANG_WARN_BOOL_CONVERSION = YES;
				CLANG_WARN_CONSTANT_CONVERSION = YES;
				CLANG_WARN_DIRECT_OBJC_ISA_USAGE = YES_ERROR;
				CLANG_WARN_DOCUMENTATION_COMMENTS = YES;
				CLANG_WARN_EMPTY_BODY = YES;
				CLANG_WARN_ENUM_CONVERSION = YES;
				CLANG_WARN_INFINITE_RECURSION = YES;
				CLANG_WARN_INT_CONVERSION = YES;
				CLANG_WARN_OBJC_ROOT_CLASS = YES_ERROR;
				CLANG_WARN_SUSPICIOUS_MOVE = YES;
				CLANG_WARN_UNREACHABLE_CODE = YES;
				CLANG_WARN__DUPLICATE_METHOD_MATCH = YES;
				"CODE_SIGN_IDENTITY[sdk=iphoneos*]" = "iPhone Developer";
				COPY_PHASE_STRIP = NO;
				DEBUG_INFORMATION_FORMAT = "dwarf-with-dsym";
				ENABLE_NS_ASSERTIONS = NO;
				ENABLE_STRICT_OBJC_MSGSEND = YES;
				GCC_C_LANGUAGE_STANDARD = gnu99;
				GCC_NO_COMMON_BLOCKS = YES;
				GCC_WARN_64_TO_32_BIT_CONVERSION = YES;
				GCC_WARN_ABOUT_RETURN_TYPE = YES_ERROR;
				GCC_WARN_UNDECLARED_SELECTOR = YES;
				GCC_WARN_UNINITIALIZED_AUTOS = YES_AGGRESSIVE;
				GCC_WARN_UNUSED_FUNCTION = YES;
				GCC_WARN_UNUSED_VARIABLE = YES;
				IPHONEOS_DEPLOYMENT_TARGET = 10.3;
				MTL_ENABLE_DEBUG_INFO = NO;
				SDKROOT = iphoneos;
				SWIFT_OPTIMIZATION_LEVEL = "-Owholemodule";
				TARGETED_DEVICE_FAMILY = "1,2";
				VALIDATE_PRODUCT = YES;
			};
			name = Release;
		};
		C4561E231F0AE5020037CB1C /* Debug */ = {
			isa = XCBuildConfiguration;
			baseConfigurationReference = AF439FD373E536FAAA14FC65 /* Pods-WeTeamUp.debug.xcconfig */;
			buildSettings = {
				ASSETCATALOG_COMPILER_APPICON_NAME = AppIcon;
				CODE_SIGN_ENTITLEMENTS = WeTeamUp/WeTeamUp.entitlements;
				DEVELOPMENT_TEAM = 3WN2HPYHZR;
				INFOPLIST_FILE = WeTeamUp/Info.plist;
				LD_RUNPATH_SEARCH_PATHS = "$(inherited) @executable_path/Frameworks";
				PRODUCT_BUNDLE_IDENTIFIER = com.imediayala.WeTeamUp;
				PRODUCT_NAME = "$(TARGET_NAME)";
				SWIFT_VERSION = 3.0;
			};
			name = Debug;
		};
		C4561E241F0AE5020037CB1C /* Release */ = {
			isa = XCBuildConfiguration;
			baseConfigurationReference = 8B2F3012008776C3DFC1BA0F /* Pods-WeTeamUp.release.xcconfig */;
			buildSettings = {
				ASSETCATALOG_COMPILER_APPICON_NAME = AppIcon;
				CODE_SIGN_ENTITLEMENTS = WeTeamUp/WeTeamUp.entitlements;
				DEVELOPMENT_TEAM = 3WN2HPYHZR;
				INFOPLIST_FILE = WeTeamUp/Info.plist;
				LD_RUNPATH_SEARCH_PATHS = "$(inherited) @executable_path/Frameworks";
				PRODUCT_BUNDLE_IDENTIFIER = com.imediayala.WeTeamUp;
				PRODUCT_NAME = "$(TARGET_NAME)";
				SWIFT_VERSION = 3.0;
			};
			name = Release;
		};
		C4561E261F0AE5020037CB1C /* Debug */ = {
			isa = XCBuildConfiguration;
			baseConfigurationReference = 3458F506F7ED6E842E538925 /* Pods-WeTeamUpTests.debug.xcconfig */;
			buildSettings = {
				ALWAYS_EMBED_SWIFT_STANDARD_LIBRARIES = YES;
				BUNDLE_LOADER = "$(TEST_HOST)";
				DEVELOPMENT_TEAM = 3WN2HPYHZR;
				INFOPLIST_FILE = WeTeamUpTests/Info.plist;
				LD_RUNPATH_SEARCH_PATHS = "$(inherited) @executable_path/Frameworks @loader_path/Frameworks";
				PRODUCT_BUNDLE_IDENTIFIER = com.imediayala.WeTeamUpTests;
				PRODUCT_NAME = "$(TARGET_NAME)";
				SWIFT_VERSION = 3.0;
				TEST_HOST = "$(BUILT_PRODUCTS_DIR)/WeTeamUp.app/WeTeamUp";
			};
			name = Debug;
		};
		C4561E271F0AE5020037CB1C /* Release */ = {
			isa = XCBuildConfiguration;
			baseConfigurationReference = 3D22648BE7D3E08EBF76CB3A /* Pods-WeTeamUpTests.release.xcconfig */;
			buildSettings = {
				ALWAYS_EMBED_SWIFT_STANDARD_LIBRARIES = YES;
				BUNDLE_LOADER = "$(TEST_HOST)";
				DEVELOPMENT_TEAM = 3WN2HPYHZR;
				INFOPLIST_FILE = WeTeamUpTests/Info.plist;
				LD_RUNPATH_SEARCH_PATHS = "$(inherited) @executable_path/Frameworks @loader_path/Frameworks";
				PRODUCT_BUNDLE_IDENTIFIER = com.imediayala.WeTeamUpTests;
				PRODUCT_NAME = "$(TARGET_NAME)";
				SWIFT_VERSION = 3.0;
				TEST_HOST = "$(BUILT_PRODUCTS_DIR)/WeTeamUp.app/WeTeamUp";
			};
			name = Release;
		};
		C4561E291F0AE5020037CB1C /* Debug */ = {
			isa = XCBuildConfiguration;
			baseConfigurationReference = 8C18A6CDB2AC9AB2B6EF269E /* Pods-WeTeamUpUITests.debug.xcconfig */;
			buildSettings = {
				ALWAYS_EMBED_SWIFT_STANDARD_LIBRARIES = YES;
				DEVELOPMENT_TEAM = 3WN2HPYHZR;
				INFOPLIST_FILE = WeTeamUpUITests/Info.plist;
				LD_RUNPATH_SEARCH_PATHS = "$(inherited) @executable_path/Frameworks @loader_path/Frameworks";
				PRODUCT_BUNDLE_IDENTIFIER = com.imediayala.WeTeamUpUITests;
				PRODUCT_NAME = "$(TARGET_NAME)";
				SWIFT_VERSION = 3.0;
				TEST_TARGET_NAME = WeTeamUp;
			};
			name = Debug;
		};
		C4561E2A1F0AE5020037CB1C /* Release */ = {
			isa = XCBuildConfiguration;
			baseConfigurationReference = 088F023EC95016EFE4A7488D /* Pods-WeTeamUpUITests.release.xcconfig */;
			buildSettings = {
				ALWAYS_EMBED_SWIFT_STANDARD_LIBRARIES = YES;
				DEVELOPMENT_TEAM = 3WN2HPYHZR;
				INFOPLIST_FILE = WeTeamUpUITests/Info.plist;
				LD_RUNPATH_SEARCH_PATHS = "$(inherited) @executable_path/Frameworks @loader_path/Frameworks";
				PRODUCT_BUNDLE_IDENTIFIER = com.imediayala.WeTeamUpUITests;
				PRODUCT_NAME = "$(TARGET_NAME)";
				SWIFT_VERSION = 3.0;
				TEST_TARGET_NAME = WeTeamUp;
			};
			name = Release;
		};
/* End XCBuildConfiguration section */

/* Begin XCConfigurationList section */
		C4561DF21F0AE5020037CB1C /* Build configuration list for PBXProject "WeTeamUp" */ = {
			isa = XCConfigurationList;
			buildConfigurations = (
				C4561E201F0AE5020037CB1C /* Debug */,
				C4561E211F0AE5020037CB1C /* Release */,
			);
			defaultConfigurationIsVisible = 0;
			defaultConfigurationName = Release;
		};
		C4561E221F0AE5020037CB1C /* Build configuration list for PBXNativeTarget "WeTeamUp" */ = {
			isa = XCConfigurationList;
			buildConfigurations = (
				C4561E231F0AE5020037CB1C /* Debug */,
				C4561E241F0AE5020037CB1C /* Release */,
			);
			defaultConfigurationIsVisible = 0;
			defaultConfigurationName = Release;
		};
		C4561E251F0AE5020037CB1C /* Build configuration list for PBXNativeTarget "WeTeamUpTests" */ = {
			isa = XCConfigurationList;
			buildConfigurations = (
				C4561E261F0AE5020037CB1C /* Debug */,
				C4561E271F0AE5020037CB1C /* Release */,
			);
			defaultConfigurationIsVisible = 0;
			defaultConfigurationName = Release;
		};
		C4561E281F0AE5020037CB1C /* Build configuration list for PBXNativeTarget "WeTeamUpUITests" */ = {
			isa = XCConfigurationList;
			buildConfigurations = (
				C4561E291F0AE5020037CB1C /* Debug */,
				C4561E2A1F0AE5020037CB1C /* Release */,
			);
			defaultConfigurationIsVisible = 0;
			defaultConfigurationName = Release;
		};
/* End XCConfigurationList section */

/* Begin XCVersionGroup section */
		C4561E011F0AE5020037CB1C /* WeTeamUp.xcdatamodeld */ = {
			isa = XCVersionGroup;
			children = (
				C4561E021F0AE5020037CB1C /* WeTeamUp.xcdatamodel */,
			);
			currentVersion = C4561E021F0AE5020037CB1C /* WeTeamUp.xcdatamodel */;
			path = WeTeamUp.xcdatamodeld;
			sourceTree = "<group>";
			versionGroupType = wrapper.xcdatamodel;
		};
/* End XCVersionGroup section */
	};
	rootObject = C4561DEF1F0AE5020037CB1C /* Project object */;
}
